
Microsoft Visual Studio Solution File, Format Version 12.00
Project("{FAE04EC0-301F-11D3-BF4B-00C04F79EFBC}") = "ASP_NET_Core_MVC_App_Selenium_Integration_Demo", "ASP_NET_Core_MVC_App_Selenium_Integration_Demo\ASP_NET_Core_MVC_App_Selenium_Integration_Demo.csproj", "{ED089BF1-99EA-4AAA-89E8-35DCD92E0714}"
EndProject
Global
	GlobalSection(SolutionConfigurationPlatforms) = preSolution
		Debug|Any CPU = Debug|Any CPU
		Release|Any CPU = Release|Any CPU
	EndGlobalSection
	GlobalSection(ProjectConfigurationPlatforms) = postSolution
		{ED089BF1-99EA-4AAA-89E8-35DCD92E0714}.Debug|Any CPU.ActiveCfg = Debug|Any CPU
		{ED089BF1-99EA-4AAA-89E8-35DCD92E0714}.Debug|Any CPU.Build.0 = Debug|Any CPU
		{ED089BF1-99EA-4AAA-89E8-35DCD92E0714}.Release|Any CPU.ActiveCfg = Release|Any CPU
		{ED089BF1-99EA-4AAA-89E8-35DCD92E0714}.Release|Any CPU.Build.0 = Release|Any CPU
	EndGlobalSection
EndGlobal
